
Microsoft Visual Studio Solution File, Format Version 12.00
# Visual Studio Version 17
VisualStudioVersion = 17.0.32126.317
MinimumVisualStudioVersion = 10.0.40219.1
Project("{2150E333-8FDC-42A3-9474-1A3956D46DE8}") = "src", "src", "{30176CA1-F05F-410E-A139-EA0A4C0E7D1C}"
EndProject
Project("{2150E333-8FDC-42A3-9474-1A3956D46DE8}") = "backend", "backend", "{7F99B1B7-CD91-4BB5-B8BB-EB6E24F443A5}"
EndProject
Project("{FAE04EC0-301F-11D3-BF4B-00C04F79EFBC}") = "DemoTools.Api", "DemoTools.Api\DemoTools.Api.csproj", "{D2288F59-6957-4FAB-AD75-A4704030140D}"
EndProject
Project("{FAE04EC0-301F-11D3-BF4B-00C04F79EFBC}") = "DemoTools.Core", "DemoTools.Core\DemoTools.Core.csproj", "{92D46760-89D3-4ABA-B20B-B7936DB81233}"
EndProject
Project("{FAE04EC0-301F-11D3-BF4B-00C04F79EFBC}") = "DemoTools.Data", "DemoTools.Data\DemoTools.Data.csproj", "{4D99D783-F892-4111-B1F2-DDB09C026EB1}"
EndProject
Global
	GlobalSection(SolutionConfigurationPlatforms) = preSolution
		Debug|Any CPU = Debug|Any CPU
		Release|Any CPU = Release|Any CPU
	EndGlobalSection
	GlobalSection(ProjectConfigurationPlatforms) = postSolution
		{D2288F59-6957-4FAB-AD75-A4704030140D}.Debug|Any CPU.ActiveCfg = Debug|Any CPU
		{D2288F59-6957-4FAB-AD75-A4704030140D}.Debug|Any CPU.Build.0 = Debug|Any CPU
		{D2288F59-6957-4FAB-AD75-A4704030140D}.Release|Any CPU.ActiveCfg = Release|Any CPU
		{D2288F59-6957-4FAB-AD75-A4704030140D}.Release|Any CPU.Build.0 = Release|Any CPU
		{92D46760-89D3-4ABA-B20B-B7936DB81233}.Debug|Any CPU.ActiveCfg = Debug|Any CPU
		{92D46760-89D3-4ABA-B20B-B7936DB81233}.Debug|Any CPU.Build.0 = Debug|Any CPU
		{92D46760-89D3-4ABA-B20B-B7936DB81233}.Release|Any CPU.ActiveCfg = Release|Any CPU
		{92D46760-89D3-4ABA-B20B-B7936DB81233}.Release|Any CPU.Build.0 = Release|Any CPU
		{4D99D783-F892-4111-B1F2-DDB09C026EB1}.Debug|Any CPU.ActiveCfg = Debug|Any CPU
		{4D99D783-F892-4111-B1F2-DDB09C026EB1}.Debug|Any CPU.Build.0 = Debug|Any CPU
		{4D99D783-F892-4111-B1F2-DDB09C026EB1}.Release|Any CPU.ActiveCfg = Release|Any CPU
		{4D99D783-F892-4111-B1F2-DDB09C026EB1}.Release|Any CPU.Build.0 = Release|Any CPU
	EndGlobalSection
	GlobalSection(SolutionProperties) = preSolution
		HideSolutionNode = FALSE
	EndGlobalSection
	GlobalSection(NestedProjects) = preSolution
		{7F99B1B7-CD91-4BB5-B8BB-EB6E24F443A5} = {30176CA1-F05F-410E-A139-EA0A4C0E7D1C}
		{D2288F59-6957-4FAB-AD75-A4704030140D} = {7F99B1B7-CD91-4BB5-B8BB-EB6E24F443A5}
		{92D46760-89D3-4ABA-B20B-B7936DB81233} = {7F99B1B7-CD91-4BB5-B8BB-EB6E24F443A5}
		{4D99D783-F892-4111-B1F2-DDB09C026EB1} = {7F99B1B7-CD91-4BB5-B8BB-EB6E24F443A5}
	EndGlobalSection
	GlobalSection(ExtensibilityGlobals) = postSolution
		SolutionGuid = {4377A01D-3894-4563-A5AD-319B567AC784}
	EndGlobalSection
EndGlobal
